
Microsoft Visual Studio Solution File, Format Version 12.00
# Visual Studio Version 16
VisualStudioVersion = 16.0.31515.178
MinimumVisualStudioVersion = 10.0.40219.1
Project("{9A19103F-16F7-4668-BE54-9A1E7A4F7556}") = "HelloWorldWeb", "HelloWorldWeb\HelloWorldWeb.csproj", "{D136F114-F114-4465-AF21-96AB4BE25E1C}"
EndProject
Project("{9A19103F-16F7-4668-BE54-9A1E7A4F7556}") = "Hello World", "HelloWorld.Console\Hello World.csproj", "{45483B42-498C-43BB-8F96-E8F4B2116F4D}"
EndProject
Project("{2150E333-8FDC-42A3-9474-1A3956D46DE8}") = "Solution Items", "Solution Items", "{E52B8C29-2A9C-4F77-9BC0-13F738CE475A}"
	ProjectSection(SolutionItems) = preProject
		.editorconfig = .editorconfig
	EndProjectSection
EndProject
Project("{FAE04EC0-301F-11D3-BF4B-00C04F79EFBC}") = "HelloWorldWeb.Test", "HelloWorldWeb.Test\HelloWorldWeb.Test.csproj", "{682412D0-E7C5-4D94-B4B9-97289DB0B4D8}"
EndProject
Global
	GlobalSection(SolutionConfigurationPlatforms) = preSolution
		Debug|Any CPU = Debug|Any CPU
		Release|Any CPU = Release|Any CPU
	EndGlobalSection
	GlobalSection(ProjectConfigurationPlatforms) = postSolution
		{D136F114-F114-4465-AF21-96AB4BE25E1C}.Debug|Any CPU.ActiveCfg = Debug|Any CPU
		{D136F114-F114-4465-AF21-96AB4BE25E1C}.Debug|Any CPU.Build.0 = Debug|Any CPU
		{D136F114-F114-4465-AF21-96AB4BE25E1C}.Release|Any CPU.ActiveCfg = Release|Any CPU
		{D136F114-F114-4465-AF21-96AB4BE25E1C}.Release|Any CPU.Build.0 = Release|Any CPU
		{45483B42-498C-43BB-8F96-E8F4B2116F4D}.Debug|Any CPU.ActiveCfg = Debug|Any CPU
		{45483B42-498C-43BB-8F96-E8F4B2116F4D}.Debug|Any CPU.Build.0 = Debug|Any CPU
		{45483B42-498C-43BB-8F96-E8F4B2116F4D}.Release|Any CPU.ActiveCfg = Release|Any CPU
		{45483B42-498C-43BB-8F96-E8F4B2116F4D}.Release|Any CPU.Build.0 = Release|Any CPU
		{682412D0-E7C5-4D94-B4B9-97289DB0B4D8}.Debug|Any CPU.ActiveCfg = Debug|Any CPU
		{682412D0-E7C5-4D94-B4B9-97289DB0B4D8}.Debug|Any CPU.Build.0 = Debug|Any CPU
		{682412D0-E7C5-4D94-B4B9-97289DB0B4D8}.Release|Any CPU.ActiveCfg = Release|Any CPU
		{682412D0-E7C5-4D94-B4B9-97289DB0B4D8}.Release|Any CPU.Build.0 = Release|Any CPU
	EndGlobalSection
	GlobalSection(SolutionProperties) = preSolution
		HideSolutionNode = FALSE
	EndGlobalSection
	GlobalSection(ExtensibilityGlobals) = postSolution
		SolutionGuid = {A15EDFEE-EABC-4520-9126-836BE14030A8}
	EndGlobalSection
EndGlobal
