
Microsoft Visual Studio Solution File, Format Version 12.00
# Visual Studio Version 16
VisualStudioVersion = 16.0.31515.178
MinimumVisualStudioVersion = 10.0.40219.1
Project("{9A19103F-16F7-4668-BE54-9A1E7A4F7556}") = "Hello World", "Hello World.csproj", "{AF0B65EC-6209-4CDC-ACF5-103D64342167}"
EndProject
Global
	GlobalSection(SolutionConfigurationPlatforms) = preSolution
		Debug|Any CPU = Debug|Any CPU
		Release|Any CPU = Release|Any CPU
	EndGlobalSection
	GlobalSection(ProjectConfigurationPlatforms) = postSolution
		{AF0B65EC-6209-4CDC-ACF5-103D64342167}.Debug|Any CPU.ActiveCfg = Debug|Any CPU
		{AF0B65EC-6209-4CDC-ACF5-103D64342167}.Debug|Any CPU.Build.0 = Debug|Any CPU
		{AF0B65EC-6209-4CDC-ACF5-103D64342167}.Release|Any CPU.ActiveCfg = Release|Any CPU
		{AF0B65EC-6209-4CDC-ACF5-103D64342167}.Release|Any CPU.Build.0 = Release|Any CPU
	EndGlobalSection
	GlobalSection(SolutionProperties) = preSolution
		HideSolutionNode = FALSE
	EndGlobalSection
	GlobalSection(ExtensibilityGlobals) = postSolution
		SolutionGuid = {A15EDFEE-EABC-4520-9126-836BE14030A8}
	EndGlobalSection
EndGlobal
